
Microsoft Visual Studio Solution File, Format Version 12.00
# Visual Studio Version 17
VisualStudioVersion = 17.8.34511.84
MinimumVisualStudioVersion = 10.0.40219.1
Project("{FAE04EC0-301F-11D3-BF4B-00C04F79EFBC}") = "WebApplication1", "WebApplication1\WebApplication1.csproj", "{1622D99E-4031-44F8-ABE8-3C797B8D84FE}"
EndProject
Global
	GlobalSection(SolutionConfigurationPlatforms) = preSolution
		Debug|Any CPU = Debug|Any CPU
		Release|Any CPU = Release|Any CPU
	EndGlobalSection
	GlobalSection(ProjectConfigurationPlatforms) = postSolution
		{1622D99E-4031-44F8-ABE8-3C797B8D84FE}.Debug|Any CPU.ActiveCfg = Debug|Any CPU
		{1622D99E-4031-44F8-ABE8-3C797B8D84FE}.Debug|Any CPU.Build.0 = Debug|Any CPU
		{1622D99E-4031-44F8-ABE8-3C797B8D84FE}.Release|Any CPU.ActiveCfg = Release|Any CPU
		{1622D99E-4031-44F8-ABE8-3C797B8D84FE}.Release|Any CPU.Build.0 = Release|Any CPU
	EndGlobalSection
	GlobalSection(SolutionProperties) = preSolution
		HideSolutionNode = FALSE
	EndGlobalSection
	GlobalSection(ExtensibilityGlobals) = postSolution
		SolutionGuid = {E39F21AF-B9B4-4C12-A3A5-0C96D7893E97}
	EndGlobalSection
EndGlobal
